
Microsoft Visual Studio Solution File, Format Version 12.00
# Visual Studio Version 16
VisualStudioVersion = 16.0.30804.86
MinimumVisualStudioVersion = 10.0.40219.1
Project("{FAE04EC0-301F-11D3-BF4B-00C04F79EFBC}") = "QuestionForm", "QuestionForm\QuestionForm.csproj", "{99429CE2-C089-4C7B-8940-B4323E89F37D}"
EndProject
Global
	GlobalSection(SolutionConfigurationPlatforms) = preSolution
		Debug|Any CPU = Debug|Any CPU
		Release|Any CPU = Release|Any CPU
	EndGlobalSection
	GlobalSection(ProjectConfigurationPlatforms) = postSolution
		{99429CE2-C089-4C7B-8940-B4323E89F37D}.Debug|Any CPU.ActiveCfg = Debug|Any CPU
		{99429CE2-C089-4C7B-8940-B4323E89F37D}.Debug|Any CPU.Build.0 = Debug|Any CPU
		{99429CE2-C089-4C7B-8940-B4323E89F37D}.Release|Any CPU.ActiveCfg = Release|Any CPU
		{99429CE2-C089-4C7B-8940-B4323E89F37D}.Release|Any CPU.Build.0 = Release|Any CPU
	EndGlobalSection
	GlobalSection(SolutionProperties) = preSolution
		HideSolutionNode = FALSE
	EndGlobalSection
	GlobalSection(ExtensibilityGlobals) = postSolution
		SolutionGuid = {A30262E0-3DDF-4DC5-B50C-03CC74317297}
	EndGlobalSection
EndGlobal
